
Microsoft Visual Studio Solution File, Format Version 12.00
# Visual Studio 15
VisualStudioVersion = 15.0.27428.2037
MinimumVisualStudioVersion = 10.0.40219.1
Project("{FAE04EC0-301F-11D3-BF4B-00C04F79EFBC}") = "QuizTasks", "QuizTasks\QuizTasks.csproj", "{4D33EB4F-91FD-4F67-949C-F6185323DE7B}"
EndProject
Global
	GlobalSection(SolutionConfigurationPlatforms) = preSolution
		Debug|Any CPU = Debug|Any CPU
		Release|Any CPU = Release|Any CPU
	EndGlobalSection
	GlobalSection(ProjectConfigurationPlatforms) = postSolution
		{4D33EB4F-91FD-4F67-949C-F6185323DE7B}.Debug|Any CPU.ActiveCfg = Debug|Any CPU
		{4D33EB4F-91FD-4F67-949C-F6185323DE7B}.Debug|Any CPU.Build.0 = Debug|Any CPU
		{4D33EB4F-91FD-4F67-949C-F6185323DE7B}.Release|Any CPU.ActiveCfg = Release|Any CPU
		{4D33EB4F-91FD-4F67-949C-F6185323DE7B}.Release|Any CPU.Build.0 = Release|Any CPU
	EndGlobalSection
	GlobalSection(SolutionProperties) = preSolution
		HideSolutionNode = FALSE
	EndGlobalSection
	GlobalSection(ExtensibilityGlobals) = postSolution
		SolutionGuid = {9F824B5F-33D6-437F-A376-4CC6AFB97FDE}
	EndGlobalSection
EndGlobal
